
Microsoft Visual Studio Solution File, Format Version 12.00
# Visual Studio Version 17
VisualStudioVersion = 17.5.002.0
MinimumVisualStudioVersion = 10.0.40219.1
Project("{9A19103F-16F7-4668-BE54-9A1E7A4F7556}") = "Lesson01", "Lesson01.csproj", "{C10A831E-FEFF-4E3D-95B8-8E13424247E2}"
EndProject
Global
	GlobalSection(SolutionConfigurationPlatforms) = preSolution
		Debug|Any CPU = Debug|Any CPU
		Release|Any CPU = Release|Any CPU
	EndGlobalSection
	GlobalSection(ProjectConfigurationPlatforms) = postSolution
		{C10A831E-FEFF-4E3D-95B8-8E13424247E2}.Debug|Any CPU.ActiveCfg = Debug|Any CPU
		{C10A831E-FEFF-4E3D-95B8-8E13424247E2}.Debug|Any CPU.Build.0 = Debug|Any CPU
		{C10A831E-FEFF-4E3D-95B8-8E13424247E2}.Release|Any CPU.ActiveCfg = Release|Any CPU
		{C10A831E-FEFF-4E3D-95B8-8E13424247E2}.Release|Any CPU.Build.0 = Release|Any CPU
	EndGlobalSection
	GlobalSection(SolutionProperties) = preSolution
		HideSolutionNode = FALSE
	EndGlobalSection
	GlobalSection(ExtensibilityGlobals) = postSolution
		SolutionGuid = {C85FE39D-0885-4FEF-A661-A31B44CB7746}
	EndGlobalSection
EndGlobal
